
Microsoft Visual Studio Solution File, Format Version 12.00
# Visual Studio 2013
VisualStudioVersion = 12.0.40629.0
MinimumVisualStudioVersion = 10.0.40219.1
Project("{FAE04EC0-301F-11D3-BF4B-00C04F79EFBC}") = "MarsRovers", "MarsRovers\MarsRovers.csproj", "{4B57204E-DF94-4027-9456-6DE9F2D6F85C}"
EndProject
Project("{FAE04EC0-301F-11D3-BF4B-00C04F79EFBC}") = "Mover", "Mover\Mover.csproj", "{259FAB9B-A23C-47C1-8456-C684AF57B7EC}"
EndProject
Project("{FAE04EC0-301F-11D3-BF4B-00C04F79EFBC}") = "Rover", "Rover\Rover.csproj", "{DA4476C2-6CB1-4E97-BA9D-DE6B90F0829B}"
EndProject
Project("{FAE04EC0-301F-11D3-BF4B-00C04F79EFBC}") = "Terrains", "Terrains\Terrains.csproj", "{59357EFB-9C20-43A4-B775-47F973B458A6}"
EndProject
Global
	GlobalSection(SolutionConfigurationPlatforms) = preSolution
		Debug|Any CPU = Debug|Any CPU
		Release|Any CPU = Release|Any CPU
	EndGlobalSection
	GlobalSection(ProjectConfigurationPlatforms) = postSolution
		{4B57204E-DF94-4027-9456-6DE9F2D6F85C}.Debug|Any CPU.ActiveCfg = Debug|Any CPU
		{4B57204E-DF94-4027-9456-6DE9F2D6F85C}.Debug|Any CPU.Build.0 = Debug|Any CPU
		{4B57204E-DF94-4027-9456-6DE9F2D6F85C}.Release|Any CPU.ActiveCfg = Release|Any CPU
		{4B57204E-DF94-4027-9456-6DE9F2D6F85C}.Release|Any CPU.Build.0 = Release|Any CPU
		{259FAB9B-A23C-47C1-8456-C684AF57B7EC}.Debug|Any CPU.ActiveCfg = Debug|Any CPU
		{259FAB9B-A23C-47C1-8456-C684AF57B7EC}.Debug|Any CPU.Build.0 = Debug|Any CPU
		{259FAB9B-A23C-47C1-8456-C684AF57B7EC}.Release|Any CPU.ActiveCfg = Release|Any CPU
		{259FAB9B-A23C-47C1-8456-C684AF57B7EC}.Release|Any CPU.Build.0 = Release|Any CPU
		{DA4476C2-6CB1-4E97-BA9D-DE6B90F0829B}.Debug|Any CPU.ActiveCfg = Debug|Any CPU
		{DA4476C2-6CB1-4E97-BA9D-DE6B90F0829B}.Debug|Any CPU.Build.0 = Debug|Any CPU
		{DA4476C2-6CB1-4E97-BA9D-DE6B90F0829B}.Release|Any CPU.ActiveCfg = Release|Any CPU
		{DA4476C2-6CB1-4E97-BA9D-DE6B90F0829B}.Release|Any CPU.Build.0 = Release|Any CPU
		{59357EFB-9C20-43A4-B775-47F973B458A6}.Debug|Any CPU.ActiveCfg = Debug|Any CPU
		{59357EFB-9C20-43A4-B775-47F973B458A6}.Debug|Any CPU.Build.0 = Debug|Any CPU
		{59357EFB-9C20-43A4-B775-47F973B458A6}.Release|Any CPU.ActiveCfg = Release|Any CPU
		{59357EFB-9C20-43A4-B775-47F973B458A6}.Release|Any CPU.Build.0 = Release|Any CPU
	EndGlobalSection
	GlobalSection(SolutionProperties) = preSolution
		HideSolutionNode = FALSE
	EndGlobalSection
EndGlobal
